// !$*UTF8*$!
{
	archiveVersion = 1;
	classes = {
	};
	objectVersion = 56;
	objects = {

/* Begin PBXBuildFile section */
		22815FAA2A003A1B00F668B7 /* AppDelegate.swift in Sources */ = {isa = PBXBuildFile; fileRef = 22815FA92A003A1B00F668B7 /* AppDelegate.swift */; };
		22815FAC2A003A1B00F668B7 /* SceneDelegate.swift in Sources */ = {isa = PBXBuildFile; fileRef = 22815FAB2A003A1B00F668B7 /* SceneDelegate.swift */; };
		22815FAE2A003A1B00F668B7 /* ViewController.swift in Sources */ = {isa = PBXBuildFile; fileRef = 22815FAD2A003A1B00F668B7 /* ViewController.swift */; };
		22815FB12A003A1B00F668B7 /* Main.storyboard in Resources */ = {isa = PBXBuildFile; fileRef = 22815FAF2A003A1B00F668B7 /* Main.storyboard */; };
		22815FB32A003A1C00F668B7 /* Assets.xcassets in Resources */ = {isa = PBXBuildFile; fileRef = 22815FB22A003A1C00F668B7 /* Assets.xcassets */; };
		22815FB62A003A1C00F668B7 /* LaunchScreen.storyboard in Resources */ = {isa = PBXBuildFile; fileRef = 22815FB42A003A1C00F668B7 /* LaunchScreen.storyboard */; };
		22815FC12A003A1C00F668B7 /* RickMortyDemoTests.swift in Sources */ = {isa = PBXBuildFile; fileRef = 22815FC02A003A1C00F668B7 /* RickMortyDemoTests.swift */; };
		22815FCB2A003A1C00F668B7 /* RickMortyDemoUITests.swift in Sources */ = {isa = PBXBuildFile; fileRef = 22815FCA2A003A1C00F668B7 /* RickMortyDemoUITests.swift */; };
		22815FCD2A003A1C00F668B7 /* RickMortyDemoUITestsLaunchTests.swift in Sources */ = {isa = PBXBuildFile; fileRef = 22815FCC2A003A1C00F668B7 /* RickMortyDemoUITestsLaunchTests.swift */; };
/* End PBXBuildFile section */

/* Begin PBXContainerItemProxy section */
		22815FBD2A003A1C00F668B7 /* PBXContainerItemProxy */ = {
			isa = PBXContainerItemProxy;
			containerPortal = 22815F9E2A003A1B00F668B7 /* Project object */;
			proxyType = 1;
			remoteGlobalIDString = 22815FA52A003A1B00F668B7;
			remoteInfo = RickMortyDemo;
		};
		22815FC72A003A1C00F668B7 /* PBXContainerItemProxy */ = {
			isa = PBXContainerItemProxy;
			containerPortal = 22815F9E2A003A1B00F668B7 /* Project object */;
			proxyType = 1;
			remoteGlobalIDString = 22815FA52A003A1B00F668B7;
			remoteInfo = RickMortyDemo;
		};
/* End PBXContainerItemProxy section */

/* Begin PBXFileReference section */
		22815FA62A003A1B00F668B7 /* RickMortyDemo.app */ = {isa = PBXFileReference; explicitFileType = wrapper.application; includeInIndex = 0; path = RickMortyDemo.app; sourceTree = BUILT_PRODUCTS_DIR; };
		22815FA92A003A1B00F668B7 /* AppDelegate.swift */ = {isa = PBXFileReference; lastKnownFileType = sourcecode.swift; path = AppDelegate.swift; sourceTree = "<group>"; };
		22815FAB2A003A1B00F668B7 /* SceneDelegate.swift */ = {isa = PBXFileReference; lastKnownFileType = sourcecode.swift; path = SceneDelegate.swift; sourceTree = "<group>"; };
		22815FAD2A003A1B00F668B7 /* ViewController.swift */ = {isa = PBXFileReference; lastKnownFileType = sourcecode.swift; path = ViewController.swift; sourceTree = "<group>"; };
		22815FB02A003A1B00F668B7 /* Base */ = {isa = PBXFileReference; lastKnownFileType = file.storyboard; name = Base; path = Base.lproj/Main.storyboard; sourceTree = "<group>"; };
		22815FB22A003A1C00F668B7 /* Assets.xcassets */ = {isa = PBXFileReference; lastKnownFileType = folder.assetcatalog; path = Assets.xcassets; sourceTree = "<group>"; };
		22815FB52A003A1C00F668B7 /* Base */ = {isa = PBXFileReference; lastKnownFileType = file.storyboard; name = Base; path = Base.lproj/LaunchScreen.storyboard; sourceTree = "<group>"; };
		22815FB72A003A1C00F668B7 /* Info.plist */ = {isa = PBXFileReference; lastKnownFileType = text.plist.xml; path = Info.plist; sourceTree = "<group>"; };
		22815FBC2A003A1C00F668B7 /* RickMortyDemoTests.xctest */ = {isa = PBXFileReference; explicitFileType = wrapper.cfbundle; includeInIndex = 0; path = RickMortyDemoTests.xctest; sourceTree = BUILT_PRODUCTS_DIR; };
		22815FC02A003A1C00F668B7 /* RickMortyDemoTests.swift */ = {isa = PBXFileReference; lastKnownFileType = sourcecode.swift; path = RickMortyDemoTests.swift; sourceTree = "<group>"; };
		22815FC62A003A1C00F668B7 /* RickMortyDemoUITests.xctest */ = {isa = PBXFileReference; explicitFileType = wrapper.cfbundle; includeInIndex = 0; path = RickMortyDemoUITests.xctest; sourceTree = BUILT_PRODUCTS_DIR; };
		22815FCA2A003A1C00F668B7 /* RickMortyDemoUITests.swift */ = {isa = PBXFileReference; lastKnownFileType = sourcecode.swift; path = RickMortyDemoUITests.swift; sourceTree = "<group>"; };
		22815FCC2A003A1C00F668B7 /* RickMortyDemoUITestsLaunchTests.swift */ = {isa = PBXFileReference; lastKnownFileType = sourcecode.swift; path = RickMortyDemoUITestsLaunchTests.swift; sourceTree = "<group>"; };
/* End PBXFileReference section */

/* Begin PBXFrameworksBuildPhase section */
		22815FA32A003A1B00F668B7 /* Frameworks */ = {
			isa = PBXFrameworksBuildPhase;
			buildActionMask = 2147483647;
			files = (
			);
			runOnlyForDeploymentPostprocessing = 0;
		};
		22815FB92A003A1C00F668B7 /* Frameworks */ = {
			isa = PBXFrameworksBuildPhase;
			buildActionMask = 2147483647;
			files = (
			);
			runOnlyForDeploymentPostprocessing = 0;
		};
		22815FC32A003A1C00F668B7 /* Frameworks */ = {
			isa = PBXFrameworksBuildPhase;
			buildActionMask = 2147483647;
			files = (
			);
			runOnlyForDeploymentPostprocessing = 0;
		};
/* End PBXFrameworksBuildPhase section */

/* Begin PBXGroup section */
		22815F9D2A003A1B00F668B7 = {
			isa = PBXGroup;
			children = (
				22815FA82A003A1B00F668B7 /* RickMortyDemo */,
				22815FBF2A003A1C00F668B7 /* RickMortyDemoTests */,
				22815FC92A003A1C00F668B7 /* RickMortyDemoUITests */,
				22815FA72A003A1B00F668B7 /* Products */,
			);
			sourceTree = "<group>";
		};
		22815FA72A003A1B00F668B7 /* Products */ = {
			isa = PBXGroup;
			children = (
				22815FA62A003A1B00F668B7 /* RickMortyDemo.app */,
				22815FBC2A003A1C00F668B7 /* RickMortyDemoTests.xctest */,
				22815FC62A003A1C00F668B7 /* RickMortyDemoUITests.xctest */,
			);
			name = Products;
			sourceTree = "<group>";
		};
		22815FA82A003A1B00F668B7 /* RickMortyDemo */ = {
			isa = PBXGroup;
			children = (
				22815FA92A003A1B00F668B7 /* AppDelegate.swift */,
				22815FAB2A003A1B00F668B7 /* SceneDelegate.swift */,
				22815FAD2A003A1B00F668B7 /* ViewController.swift */,
				22815FAF2A003A1B00F668B7 /* Main.storyboard */,
				22815FB22A003A1C00F668B7 /* Assets.xcassets */,
				22815FB42A003A1C00F668B7 /* LaunchScreen.storyboard */,
				22815FB72A003A1C00F668B7 /* Info.plist */,
			);
			path = RickMortyDemo;
			sourceTree = "<group>";
		};
		22815FBF2A003A1C00F668B7 /* RickMortyDemoTests */ = {
			isa = PBXGroup;
			children = (
				22815FC02A003A1C00F668B7 /* RickMortyDemoTests.swift */,
			);
			path = RickMortyDemoTests;
			sourceTree = "<group>";
		};
		22815FC92A003A1C00F668B7 /* RickMortyDemoUITests */ = {
			isa = PBXGroup;
			children = (
				22815FCA2A003A1C00F668B7 /* RickMortyDemoUITests.swift */,
				22815FCC2A003A1C00F668B7 /* RickMortyDemoUITestsLaunchTests.swift */,
			);
			path = RickMortyDemoUITests;
			sourceTree = "<group>";
		};
/* End PBXGroup section */

/* Begin PBXNativeTarget section */
		22815FA52A003A1B00F668B7 /* RickMortyDemo */ = {
			isa = PBXNativeTarget;
			buildConfigurationList = 22815FD02A003A1C00F668B7 /* Build configuration list for PBXNativeTarget "RickMortyDemo" */;
			buildPhases = (
				22815FA22A003A1B00F668B7 /* Sources */,
				22815FA32A003A1B00F668B7 /* Frameworks */,
				22815FA42A003A1B00F668B7 /* Resources */,
			);
			buildRules = (
			);
			dependencies = (
			);
			name = RickMortyDemo;
			productName = RickMortyDemo;
			productReference = 22815FA62A003A1B00F668B7 /* RickMortyDemo.app */;
			productType = "com.apple.product-type.application";
		};
		22815FBB2A003A1C00F668B7 /* RickMortyDemoTests */ = {
			isa = PBXNativeTarget;
			buildConfigurationList = 22815FD32A003A1C00F668B7 /* Build configuration list for PBXNativeTarget "RickMortyDemoTests" */;
			buildPhases = (
				22815FB82A003A1C00F668B7 /* Sources */,
				22815FB92A003A1C00F668B7 /* Frameworks */,
				22815FBA2A003A1C00F668B7 /* Resources */,
			);
			buildRules = (
			);
			dependencies = (
				22815FBE2A003A1C00F668B7 /* PBXTargetDependency */,
			);
			name = RickMortyDemoTests;
			productName = RickMortyDemoTests;
			productReference = 22815FBC2A003A1C00F668B7 /* RickMortyDemoTests.xctest */;
			productType = "com.apple.product-type.bundle.unit-test";
		};
		22815FC52A003A1C00F668B7 /* RickMortyDemoUITests */ = {
			isa = PBXNativeTarget;
			buildConfigurationList = 22815FD62A003A1C00F668B7 /* Build configuration list for PBXNativeTarget "RickMortyDemoUITests" */;
			buildPhases = (
				22815FC22A003A1C00F668B7 /* Sources */,
				22815FC32A003A1C00F668B7 /* Frameworks */,
				22815FC42A003A1C00F668B7 /* Resources */,
			);
			buildRules = (
			);
			dependencies = (
				22815FC82A003A1C00F668B7 /* PBXTargetDependency */,
			);
			name = RickMortyDemoUITests;
			productName = RickMortyDemoUITests;
			productReference = 22815FC62A003A1C00F668B7 /* RickMortyDemoUITests.xctest */;
			productType = "com.apple.product-type.bundle.ui-testing";
		};
/* End PBXNativeTarget section */

/* Begin PBXProject section */
		22815F9E2A003A1B00F668B7 /* Project object */ = {
			isa = PBXProject;
			attributes = {
				BuildIndependentTargetsInParallel = 1;
				LastSwiftUpdateCheck = 1430;
				LastUpgradeCheck = 1430;
				TargetAttributes = {
					22815FA52A003A1B00F668B7 = {
						CreatedOnToolsVersion = 14.3;
					};
					22815FBB2A003A1C00F668B7 = {
						CreatedOnToolsVersion = 14.3;
						TestTargetID = 22815FA52A003A1B00F668B7;
					};
					22815FC52A003A1C00F668B7 = {
						CreatedOnToolsVersion = 14.3;
						TestTargetID = 22815FA52A003A1B00F668B7;
					};
				};
			};
			buildConfigurationList = 22815FA12A003A1B00F668B7 /* Build configuration list for PBXProject "RickMortyDemo" */;
			compatibilityVersion = "Xcode 14.0";
			developmentRegion = en;
			hasScannedForEncodings = 0;
			knownRegions = (
				en,
				Base,
			);
			mainGroup = 22815F9D2A003A1B00F668B7;
			productRefGroup = 22815FA72A003A1B00F668B7 /* Products */;
			projectDirPath = "";
			projectRoot = "";
			targets = (
				22815FA52A003A1B00F668B7 /* RickMortyDemo */,
				22815FBB2A003A1C00F668B7 /* RickMortyDemoTests */,
				22815FC52A003A1C00F668B7 /* RickMortyDemoUITests */,
			);
		};
/* End PBXProject section */

/* Begin PBXResourcesBuildPhase section */
		22815FA42A003A1B00F668B7 /* Resources */ = {
			isa = PBXResourcesBuildPhase;
			buildActionMask = 2147483647;
			files = (
				22815FB62A003A1C00F668B7 /* LaunchScreen.storyboard in Resources */,
				22815FB32A003A1C00F668B7 /* Assets.xcassets in Resources */,
				22815FB12A003A1B00F668B7 /* Main.storyboard in Resources */,
			);
			runOnlyForDeploymentPostprocessing = 0;
		};
		22815FBA2A003A1C00F668B7 /* Resources */ = {
			isa = PBXResourcesBuildPhase;
			buildActionMask = 2147483647;
			files = (
			);
			runOnlyForDeploymentPostprocessing = 0;
		};
		22815FC42A003A1C00F668B7 /* Resources */ = {
			isa = PBXResourcesBuildPhase;
			buildActionMask = 2147483647;
			files = (
			);
			runOnlyForDeploymentPostprocessing = 0;
		};
/* End PBXResourcesBuildPhase section */

/* Begin PBXSourcesBuildPhase section */
		22815FA22A003A1B00F668B7 /* Sources */ = {
			isa = PBXSourcesBuildPhase;
			buildActionMask = 2147483647;
			files = (
				22815FAE2A003A1B00F668B7 /* ViewController.swift in Sources */,
				22815FAA2A003A1B00F668B7 /* AppDelegate.swift in Sources */,
				22815FAC2A003A1B00F668B7 /* SceneDelegate.swift in Sources */,
			);
			runOnlyForDeploymentPostprocessing = 0;
		};
		22815FB82A003A1C00F668B7 /* Sources */ = {
			isa = PBXSourcesBuildPhase;
			buildActionMask = 2147483647;
			files = (
				22815FC12A003A1C00F668B7 /* RickMortyDemoTests.swift in Sources */,
			);
			runOnlyForDeploymentPostprocessing = 0;
		};
		22815FC22A003A1C00F668B7 /* Sources */ = {
			isa = PBXSourcesBuildPhase;
			buildActionMask = 2147483647;
			files = (
				22815FCD2A003A1C00F668B7 /* RickMortyDemoUITestsLaunchTests.swift in Sources */,
				22815FCB2A003A1C00F668B7 /* RickMortyDemoUITests.swift in Sources */,
			);
			runOnlyForDeploymentPostprocessing = 0;
		};
/* End PBXSourcesBuildPhase section */

/* Begin PBXTargetDependency section */
		22815FBE2A003A1C00F668B7 /* PBXTargetDependency */ = {
			isa = PBXTargetDependency;
			target = 22815FA52A003A1B00F668B7 /* RickMortyDemo */;
			targetProxy = 22815FBD2A003A1C00F668B7 /* PBXContainerItemProxy */;
		};
		22815FC82A003A1C00F668B7 /* PBXTargetDependency */ = {
			isa = PBXTargetDependency;
			target = 22815FA52A003A1B00F668B7 /* RickMortyDemo */;
			targetProxy = 22815FC72A003A1C00F668B7 /* PBXContainerItemProxy */;
		};
/* End PBXTargetDependency section */

/* Begin PBXVariantGroup section */
		22815FAF2A003A1B00F668B7 /* Main.storyboard */ = {
			isa = PBXVariantGroup;
			children = (
				22815FB02A003A1B00F668B7 /* Base */,
			);
			name = Main.storyboard;
			sourceTree = "<group>";
		};
		22815FB42A003A1C00F668B7 /* LaunchScreen.storyboard */ = {
			isa = PBXVariantGroup;
			children = (
				22815FB52A003A1C00F668B7 /* Base */,
			);
			name = LaunchScreen.storyboard;
			sourceTree = "<group>";
		};
/* End PBXVariantGroup section */

/* Begin XCBuildConfiguration section */
		22815FCE2A003A1C00F668B7 /* Debug */ = {
			isa = XCBuildConfiguration;
			buildSettings = {
				ALWAYS_SEARCH_USER_PATHS = NO;
				CLANG_ANALYZER_NONNULL = YES;
				CLANG_ANALYZER_NUMBER_OBJECT_CONVERSION = YES_AGGRESSIVE;
				CLANG_CXX_LANGUAGE_STANDARD = "gnu++20";
				CLANG_ENABLE_MODULES = YES;
				CLANG_ENABLE_OBJC_ARC = YES;
				CLANG_ENABLE_OBJC_WEAK = YES;
				CLANG_WARN_BLOCK_CAPTURE_AUTORELEASING = YES;
				CLANG_WARN_BOOL_CONVERSION = YES;
				CLANG_WARN_COMMA = YES;
				CLANG_WARN_CONSTANT_CONVERSION = YES;
				CLANG_WARN_DEPRECATED_OBJC_IMPLEMENTATIONS = YES;
				CLANG_WARN_DIRECT_OBJC_ISA_USAGE = YES_ERROR;
				CLANG_WARN_DOCUMENTATION_COMMENTS = YES;
				CLANG_WARN_EMPTY_BODY = YES;
				CLANG_WARN_ENUM_CONVERSION = YES;
				CLANG_WARN_INFINITE_RECURSION = YES;
				CLANG_WARN_INT_CONVERSION = YES;
				CLANG_WARN_NON_LITERAL_NULL_CONVERSION = YES;
				CLANG_WARN_OBJC_IMPLICIT_RETAIN_SELF = YES;
				CLANG_WARN_OBJC_LITERAL_CONVERSION = YES;
				CLANG_WARN_OBJC_ROOT_CLASS = YES_ERROR;
				CLANG_WARN_QUOTED_INCLUDE_IN_FRAMEWORK_HEADER = YES;
				CLANG_WARN_RANGE_LOOP_ANALYSIS = YES;
				CLANG_WARN_STRICT_PROTOTYPES = YES;
				CLANG_WARN_SUSPICIOUS_MOVE = YES;
				CLANG_WARN_UNGUARDED_AVAILABILITY = YES_AGGRESSIVE;
				CLANG_WARN_UNREACHABLE_CODE = YES;
				CLANG_WARN__DUPLICATE_METHOD_MATCH = YES;
				COPY_PHASE_STRIP = NO;
				DEBUG_INFORMATION_FORMAT = dwarf;
				ENABLE_STRICT_OBJC_MSGSEND = YES;
				ENABLE_TESTABILITY = YES;
				GCC_C_LANGUAGE_STANDARD = gnu11;
				GCC_DYNAMIC_NO_PIC = NO;
				GCC_NO_COMMON_BLOCKS = YES;
				GCC_OPTIMIZATION_LEVEL = 0;
				GCC_PREPROCESSOR_DEFINITIONS = (
					"DEBUG=1",
					"$(inherited)",
				);
				GCC_WARN_64_TO_32_BIT_CONVERSION = YES;
				GCC_WARN_ABOUT_RETURN_TYPE = YES_ERROR;
				GCC_WARN_UNDECLARED_SELECTOR = YES;
				GCC_WARN_UNINITIALIZED_AUTOS = YES_AGGRESSIVE;
				GCC_WARN_UNUSED_FUNCTION = YES;
				GCC_WARN_UNUSED_VARIABLE = YES;
				IPHONEOS_DEPLOYMENT_TARGET = 16.4;
				MTL_ENABLE_DEBUG_INFO = INCLUDE_SOURCE;
				MTL_FAST_MATH = YES;
				ONLY_ACTIVE_ARCH = YES;
				SDKROOT = iphoneos;
				SWIFT_ACTIVE_COMPILATION_CONDITIONS = DEBUG;
				SWIFT_OPTIMIZATION_LEVEL = "-Onone";
			};
			name = Debug;
		};
		22815FCF2A003A1C00F668B7 /* Release */ = {
			isa = XCBuildConfiguration;
			buildSettings = {
				ALWAYS_SEARCH_USER_PATHS = NO;
				CLANG_ANALYZER_NONNULL = YES;
				CLANG_ANALYZER_NUMBER_OBJECT_CONVERSION = YES_AGGRESSIVE;
				CLANG_CXX_LANGUAGE_STANDARD = "gnu++20";
				CLANG_ENABLE_MODULES = YES;
				CLANG_ENABLE_OBJC_ARC = YES;
				CLANG_ENABLE_OBJC_WEAK = YES;
				CLANG_WARN_BLOCK_CAPTURE_AUTORELEASING = YES;
				CLANG_WARN_BOOL_CONVERSION = YES;
				CLANG_WARN_COMMA = YES;
				CLANG_WARN_CONSTANT_CONVERSION = YES;
				CLANG_WARN_DEPRECATED_OBJC_IMPLEMENTATIONS = YES;
				CLANG_WARN_DIRECT_OBJC_ISA_USAGE = YES_ERROR;
				CLANG_WARN_DOCUMENTATION_COMMENTS = YES;
				CLANG_WARN_EMPTY_BODY = YES;
				CLANG_WARN_ENUM_CONVERSION = YES;
				CLANG_WARN_INFINITE_RECURSION = YES;
				CLANG_WARN_INT_CONVERSION = YES;
				CLANG_WARN_NON_LITERAL_NULL_CONVERSION = YES;
				CLANG_WARN_OBJC_IMPLICIT_RETAIN_SELF = YES;
				CLANG_WARN_OBJC_LITERAL_CONVERSION = YES;
				CLANG_WARN_OBJC_ROOT_CLASS = YES_ERROR;
				CLANG_WARN_QUOTED_INCLUDE_IN_FRAMEWORK_HEADER = YES;
				CLANG_WARN_RANGE_LOOP_ANALYSIS = YES;
				CLANG_WARN_STRICT_PROTOTYPES = YES;
				CLANG_WARN_SUSPICIOUS_MOVE = YES;
				CLANG_WARN_UNGUARDED_AVAILABILITY = YES_AGGRESSIVE;
				CLANG_WARN_UNREACHABLE_CODE = YES;
				CLANG_WARN__DUPLICATE_METHOD_MATCH = YES;
				COPY_PHASE_STRIP = NO;
				DEBUG_INFORMATION_FORMAT = "dwarf-with-dsym";
				ENABLE_NS_ASSERTIONS = NO;
				ENABLE_STRICT_OBJC_MSGSEND = YES;
				GCC_C_LANGUAGE_STANDARD = gnu11;
				GCC_NO_COMMON_BLOCKS = YES;
				GCC_WARN_64_TO_32_BIT_CONVERSION = YES;
				GCC_WARN_ABOUT_RETURN_TYPE = YES_ERROR;
				GCC_WARN_UNDECLARED_SELECTOR = YES;
				GCC_WARN_UNINITIALIZED_AUTOS = YES_AGGRESSIVE;
				GCC_WARN_UNUSED_FUNCTION = YES;
				GCC_WARN_UNUSED_VARIABLE = YES;
				IPHONEOS_DEPLOYMENT_TARGET = 16.4;
				MTL_ENABLE_DEBUG_INFO = NO;
				MTL_FAST_MATH = YES;
				SDKROOT = iphoneos;
				SWIFT_COMPILATION_MODE = wholemodule;
				SWIFT_OPTIMIZATION_LEVEL = "-O";
				VALIDATE_PRODUCT = YES;
			};
			name = Release;
		};
		22815FD12A003A1C00F668B7 /* Debug */ = {
			isa = XCBuildConfiguration;
			buildSettings = {
				ASSETCATALOG_COMPILER_APPICON_NAME = AppIcon;
				ASSETCATALOG_COMPILER_GLOBAL_ACCENT_COLOR_NAME = AccentColor;
				CODE_SIGN_STYLE = Automatic;
				CURRENT_PROJECT_VERSION = 1;
				GENERATE_INFOPLIST_FILE = YES;
				INFOPLIST_FILE = RickMortyDemo/Info.plist;
				INFOPLIST_KEY_UIApplicationSupportsIndirectInputEvents = YES;
				INFOPLIST_KEY_UILaunchStoryboardName = LaunchScreen;
				INFOPLIST_KEY_UIMainStoryboardFile = Main;
				INFOPLIST_KEY_UISupportedInterfaceOrientations_iPad = "UIInterfaceOrientationPortrait UIInterfaceOrientationPortraitUpsideDown UIInterfaceOrientationLandscapeLeft UIInterfaceOrientationLandscapeRight";
				INFOPLIST_KEY_UISupportedInterfaceOrientations_iPhone = "UIInterfaceOrientationPortrait UIInterfaceOrientationLandscapeLeft UIInterfaceOrientationLandscapeRight";
				LD_RUNPATH_SEARCH_PATHS = (
					"$(inherited)",
					"@executable_path/Frameworks",
				);
				MARKETING_VERSION = 1.0;
				PRODUCT_BUNDLE_IDENTIFIER = com.personal.RickMortyDemo;
				PRODUCT_NAME = "$(TARGET_NAME)";
				SWIFT_EMIT_LOC_STRINGS = YES;
				SWIFT_VERSION = 5.0;
				TARGETED_DEVICE_FAMILY = "1,2";
			};
			name = Debug;
		};
		22815FD22A003A1C00F668B7 /* Release */ = {
			isa = XCBuildConfiguration;
			buildSettings = {
				ASSETCATALOG_COMPILER_APPICON_NAME = AppIcon;
				ASSETCATALOG_COMPILER_GLOBAL_ACCENT_COLOR_NAME = AccentColor;
				CODE_SIGN_STYLE = Automatic;
				CURRENT_PROJECT_VERSION = 1;
				GENERATE_INFOPLIST_FILE = YES;
				INFOPLIST_FILE = RickMortyDemo/Info.plist;
				INFOPLIST_KEY_UIApplicationSupportsIndirectInputEvents = YES;
				INFOPLIST_KEY_UILaunchStoryboardName = LaunchScreen;
				INFOPLIST_KEY_UIMainStoryboardFile = Main;
				INFOPLIST_KEY_UISupportedInterfaceOrientations_iPad = "UIInterfaceOrientationPortrait UIInterfaceOrientationPortraitUpsideDown UIInterfaceOrientationLandscapeLeft UIInterfaceOrientationLandscapeRight";
				INFOPLIST_KEY_UISupportedInterfaceOrientations_iPhone = "UIInterfaceOrientationPortrait UIInterfaceOrientationLandscapeLeft UIInterfaceOrientationLandscapeRight";
				LD_RUNPATH_SEARCH_PATHS = (
					"$(inherited)",
					"@executable_path/Frameworks",
				);
				MARKETING_VERSION = 1.0;
				PRODUCT_BUNDLE_IDENTIFIER = com.personal.RickMortyDemo;
				PRODUCT_NAME = "$(TARGET_NAME)";
				SWIFT_EMIT_LOC_STRINGS = YES;
				SWIFT_VERSION = 5.0;
				TARGETED_DEVICE_FAMILY = "1,2";
			};
			name = Release;
		};
		22815FD42A003A1C00F668B7 /* Debug */ = {
			isa = XCBuildConfiguration;
			buildSettings = {
				ALWAYS_EMBED_SWIFT_STANDARD_LIBRARIES = YES;
				BUNDLE_LOADER = "$(TEST_HOST)";
				CODE_SIGN_STYLE = Automatic;
				CURRENT_PROJECT_VERSION = 1;
				GENERATE_INFOPLIST_FILE = YES;
				IPHONEOS_DEPLOYMENT_TARGET = 16.4;
				MARKETING_VERSION = 1.0;
				PRODUCT_BUNDLE_IDENTIFIER = com.personal.RickMortyDemoTests;
				PRODUCT_NAME = "$(TARGET_NAME)";
				SWIFT_EMIT_LOC_STRINGS = NO;
				SWIFT_VERSION = 5.0;
				TARGETED_DEVICE_FAMILY = "1,2";
				TEST_HOST = "$(BUILT_PRODUCTS_DIR)/RickMortyDemo.app/$(BUNDLE_EXECUTABLE_FOLDER_PATH)/RickMortyDemo";
			};
			name = Debug;
		};
		22815FD52A003A1C00F668B7 /* Release */ = {
			isa = XCBuildConfiguration;
			buildSettings = {
				ALWAYS_EMBED_SWIFT_STANDARD_LIBRARIES = YES;
				BUNDLE_LOADER = "$(TEST_HOST)";
				CODE_SIGN_STYLE = Automatic;
				CURRENT_PROJECT_VERSION = 1;
				GENERATE_INFOPLIST_FILE = YES;
				IPHONEOS_DEPLOYMENT_TARGET = 16.4;
				MARKETING_VERSION = 1.0;
				PRODUCT_BUNDLE_IDENTIFIER = com.personal.RickMortyDemoTests;
				PRODUCT_NAME = "$(TARGET_NAME)";
				SWIFT_EMIT_LOC_STRINGS = NO;
				SWIFT_VERSION = 5.0;
				TARGETED_DEVICE_FAMILY = "1,2";
				TEST_HOST = "$(BUILT_PRODUCTS_DIR)/RickMortyDemo.app/$(BUNDLE_EXECUTABLE_FOLDER_PATH)/RickMortyDemo";
			};
			name = Release;
		};
		22815FD72A003A1C00F668B7 /* Debug */ = {
			isa = XCBuildConfiguration;
			buildSettings = {
				ALWAYS_EMBED_SWIFT_STANDARD_LIBRARIES = YES;
				CODE_SIGN_STYLE = Automatic;
				CURRENT_PROJECT_VERSION = 1;
				GENERATE_INFOPLIST_FILE = YES;
				MARKETING_VERSION = 1.0;
				PRODUCT_BUNDLE_IDENTIFIER = com.personal.RickMortyDemoUITests;
				PRODUCT_NAME = "$(TARGET_NAME)";
				SWIFT_EMIT_LOC_STRINGS = NO;
				SWIFT_VERSION = 5.0;
				TARGETED_DEVICE_FAMILY = "1,2";
				TEST_TARGET_NAME = RickMortyDemo;
			};
			name = Debug;
		};
		22815FD82A003A1C00F668B7 /* Release */ = {
			isa = XCBuildConfiguration;
			buildSettings = {
				ALWAYS_EMBED_SWIFT_STANDARD_LIBRARIES = YES;
				CODE_SIGN_STYLE = Automatic;
				CURRENT_PROJECT_VERSION = 1;
				GENERATE_INFOPLIST_FILE = YES;
				MARKETING_VERSION = 1.0;
				PRODUCT_BUNDLE_IDENTIFIER = com.personal.RickMortyDemoUITests;
				PRODUCT_NAME = "$(TARGET_NAME)";
				SWIFT_EMIT_LOC_STRINGS = NO;
				SWIFT_VERSION = 5.0;
				TARGETED_DEVICE_FAMILY = "1,2";
				TEST_TARGET_NAME = RickMortyDemo;
			};
			name = Release;
		};
/* End XCBuildConfiguration section */

/* Begin XCConfigurationList section */
		22815FA12A003A1B00F668B7 /* Build configuration list for PBXProject "RickMortyDemo" */ = {
			isa = XCConfigurationList;
			buildConfigurations = (
				22815FCE2A003A1C00F668B7 /* Debug */,
				22815FCF2A003A1C00F668B7 /* Release */,
			);
			defaultConfigurationIsVisible = 0;
			defaultConfigurationName = Release;
		};
		22815FD02A003A1C00F668B7 /* Build configuration list for PBXNativeTarget "RickMortyDemo" */ = {
			isa = XCConfigurationList;
			buildConfigurations = (
				22815FD12A003A1C00F668B7 /* Debug */,
				22815FD22A003A1C00F668B7 /* Release */,
			);
			defaultConfigurationIsVisible = 0;
			defaultConfigurationName = Release;
		};
		22815FD32A003A1C00F668B7 /* Build configuration list for PBXNativeTarget "RickMortyDemoTests" */ = {
			isa = XCConfigurationList;
			buildConfigurations = (
				22815FD42A003A1C00F668B7 /* Debug */,
				22815FD52A003A1C00F668B7 /* Release */,
			);
			defaultConfigurationIsVisible = 0;
			defaultConfigurationName = Release;
		};
		22815FD62A003A1C00F668B7 /* Build configuration list for PBXNativeTarget "RickMortyDemoUITests" */ = {
			isa = XCConfigurationList;
			buildConfigurations = (
				22815FD72A003A1C00F668B7 /* Debug */,
				22815FD82A003A1C00F668B7 /* Release */,
			);
			defaultConfigurationIsVisible = 0;
			defaultConfigurationName = Release;
		};
/* End XCConfigurationList section */
	};
	rootObject = 22815F9E2A003A1B00F668B7 /* Project object */;
}
